
Microsoft Visual Studio Solution File, Format Version 12.00
# Visual Studio 2017
Project("{FAE04EC0-301F-11D3-BF4B-00C04F79EFBC}") = "TouchControllers", "TouchControllers.csproj", "{A0CE54B3-15AC-E619-8CCD-93D317FF6301}"
EndProject
Project("{FAE04EC0-301F-11D3-BF4B-00C04F79EFBC}") = "TouchControllers.Editor", "TouchControllers.Editor.csproj", "{BCD1840B-5060-7F8A-701F-78C09FE90C98}"
EndProject
Global
	GlobalSection(SolutionConfigurationPlatforms) = preSolution
		Debug|Any CPU = Debug|Any CPU
		Release|Any CPU = Release|Any CPU
	EndGlobalSection
	GlobalSection(ProjectConfigurationPlatforms) = postSolution
		{A0CE54B3-15AC-E619-8CCD-93D317FF6301}.Debug|Any CPU.ActiveCfg = Debug|Any CPU
		{A0CE54B3-15AC-E619-8CCD-93D317FF6301}.Debug|Any CPU.Build.0 = Debug|Any CPU
		{A0CE54B3-15AC-E619-8CCD-93D317FF6301}.Release|Any CPU.ActiveCfg = Release|Any CPU
		{A0CE54B3-15AC-E619-8CCD-93D317FF6301}.Release|Any CPU.Build.0 = Release|Any CPU
		{BCD1840B-5060-7F8A-701F-78C09FE90C98}.Debug|Any CPU.ActiveCfg = Debug|Any CPU
		{BCD1840B-5060-7F8A-701F-78C09FE90C98}.Debug|Any CPU.Build.0 = Debug|Any CPU
		{BCD1840B-5060-7F8A-701F-78C09FE90C98}.Release|Any CPU.ActiveCfg = Release|Any CPU
		{BCD1840B-5060-7F8A-701F-78C09FE90C98}.Release|Any CPU.Build.0 = Release|Any CPU
	EndGlobalSection
	GlobalSection(SolutionProperties) = preSolution
		HideSolutionNode = FALSE
	EndGlobalSection
EndGlobal
